// !$*UTF8*$!
{
	archiveVersion = 1;
	classes = {
	};
	objectVersion = 55;
	objects = {

/* Begin PBXBuildFile section */
		1824535A2820EDA7005FA023 /* ForgotPasswordVC.swift in Sources */ = {isa = PBXBuildFile; fileRef = 182453592820EDA7005FA023 /* ForgotPasswordVC.swift */; };
		18829CF728199608001C4F8F /* RegisterVC.swift in Sources */ = {isa = PBXBuildFile; fileRef = 18829CF628199608001C4F8F /* RegisterVC.swift */; };
		188D3271281F877C00DA078D /* OTPVC.swift in Sources */ = {isa = PBXBuildFile; fileRef = 188D3270281F877C00DA078D /* OTPVC.swift */; };
		188EA5EB28178E9E0014CFC6 /* Launch Screen.storyboard in Resources */ = {isa = PBXBuildFile; fileRef = 188EA5EA28178E9E0014CFC6 /* Launch Screen.storyboard */; };
		18979F6B2836199B00E6025B /* Poppins-Regular.ttf in Resources */ = {isa = PBXBuildFile; fileRef = 18979F682836199B00E6025B /* Poppins-Regular.ttf */; };
		18979F6C2836199B00E6025B /* Poppins-Bold.ttf in Resources */ = {isa = PBXBuildFile; fileRef = 18979F692836199B00E6025B /* Poppins-Bold.ttf */; };
		18979F6D2836199B00E6025B /* Poppins-SemiBold.ttf in Resources */ = {isa = PBXBuildFile; fileRef = 18979F6A2836199B00E6025B /* Poppins-SemiBold.ttf */; };
		189D8B90282E2FD300C1126C /* FollowingFeedListVC.swift in Sources */ = {isa = PBXBuildFile; fileRef = 189D8B8F282E2FD300C1126C /* FollowingFeedListVC.swift */; };
		189D8B92282E76CB00C1126C /* CustomHalfSheetsUIView.swift in Sources */ = {isa = PBXBuildFile; fileRef = 189D8B91282E76CB00C1126C /* CustomHalfSheetsUIView.swift */; };
		189D8B94282E8C1E00C1126C /* StoriesVC.swift in Sources */ = {isa = PBXBuildFile; fileRef = 189D8B93282E8C1E00C1126C /* StoriesVC.swift */; };
		18D5E3772824EC350075F5A2 /* UserDefaultsExtension.swift in Sources */ = {isa = PBXBuildFile; fileRef = 18D5E3762824EC350075F5A2 /* UserDefaultsExtension.swift */; };
		18D5E3792824EC670075F5A2 /* APIRequest.swift in Sources */ = {isa = PBXBuildFile; fileRef = 18D5E3782824EC670075F5A2 /* APIRequest.swift */; };
		18D5E37C2824EC850075F5A2 /* WebClient.swift in Sources */ = {isa = PBXBuildFile; fileRef = 18D5E37A2824EC850075F5A2 /* WebClient.swift */; };
		18D5E37D2824EC850075F5A2 /* Protocols.swift in Sources */ = {isa = PBXBuildFile; fileRef = 18D5E37B2824EC850075F5A2 /* Protocols.swift */; };
		18D5E3802825401B0075F5A2 /* ProfileVC.swift in Sources */ = {isa = PBXBuildFile; fileRef = 18D5E37F2825401B0075F5A2 /* ProfileVC.swift */; };
		29CA9FFCBC74916660861396 /* Pods_spine.framework in Frameworks */ = {isa = PBXBuildFile; fileRef = B3642862D535B89AD0648444 /* Pods_spine.framework */; };
		661830B92824409D00289E66 /* HomeSectionView.swift in Sources */ = {isa = PBXBuildFile; fileRef = 661830B82824409D00289E66 /* HomeSectionView.swift */; };
		6624C1082821A801009DD4F3 /* MobileNoVC.swift in Sources */ = {isa = PBXBuildFile; fileRef = 6624C1072821A801009DD4F3 /* MobileNoVC.swift */; };
		6630D248281B1CBC007138B8 /* AppLoginButton.swift in Sources */ = {isa = PBXBuildFile; fileRef = 6630D247281B1CBC007138B8 /* AppLoginButton.swift */; };
		66A23724281704A600CA3763 /* spineApp.swift in Sources */ = {isa = PBXBuildFile; fileRef = 66A23723281704A600CA3763 /* spineApp.swift */; };
		66A23726281704A600CA3763 /* ContentView.swift in Sources */ = {isa = PBXBuildFile; fileRef = 66A23725281704A600CA3763 /* ContentView.swift */; };
		66A23728281704A700CA3763 /* Assets.xcassets in Resources */ = {isa = PBXBuildFile; fileRef = 66A23727281704A700CA3763 /* Assets.xcassets */; };
		66A2372B281704A700CA3763 /* Preview Assets.xcassets in Resources */ = {isa = PBXBuildFile; fileRef = 66A2372A281704A700CA3763 /* Preview Assets.xcassets */; };
		66A237372817093A00CA3763 /* UIColor.swift in Sources */ = {isa = PBXBuildFile; fileRef = 66A237322817093A00CA3763 /* UIColor.swift */; };
		66A237382817093A00CA3763 /* General+Extension.swift in Sources */ = {isa = PBXBuildFile; fileRef = 66A237332817093A00CA3763 /* General+Extension.swift */; };
		66A237392817093A00CA3763 /* StringExtensions.swift in Sources */ = {isa = PBXBuildFile; fileRef = 66A237342817093A00CA3763 /* StringExtensions.swift */; };
		66A2373A2817093A00CA3763 /* DateExtensions.swift in Sources */ = {isa = PBXBuildFile; fileRef = 66A237352817093A00CA3763 /* DateExtensions.swift */; };
		66A2373B2817093A00CA3763 /* UIFont.swift in Sources */ = {isa = PBXBuildFile; fileRef = 66A237362817093A00CA3763 /* UIFont.swift */; };
		66A2373D281709E500CA3763 /* ClassNavigation.swift in Sources */ = {isa = PBXBuildFile; fileRef = 66A2373C281709E500CA3763 /* ClassNavigation.swift */; };
		66A237B2281709FC00CA3763 /* WelcomeView.swift in Sources */ = {isa = PBXBuildFile; fileRef = 66A2373E281709FC00CA3763 /* WelcomeView.swift */; };
		66A237B3281709FC00CA3763 /* SVRadialGradientLayer.m in Sources */ = {isa = PBXBuildFile; fileRef = 66A23741281709FC00CA3763 /* SVRadialGradientLayer.m */; };
		66A237B4281709FC00CA3763 /* SVProgressAnimatedView.m in Sources */ = {isa = PBXBuildFile; fileRef = 66A23744281709FC00CA3763 /* SVProgressAnimatedView.m */; };
		66A237B5281709FC00CA3763 /* SVProgressHUD.m in Sources */ = {isa = PBXBuildFile; fileRef = 66A23747281709FC00CA3763 /* SVProgressHUD.m */; };
		66A237B6281709FC00CA3763 /* SVIndefiniteAnimatedView.m in Sources */ = {isa = PBXBuildFile; fileRef = 66A23748281709FC00CA3763 /* SVIndefiniteAnimatedView.m */; };
		66A237B7281709FC00CA3763 /* SVProgressHUD.bundle in Resources */ = {isa = PBXBuildFile; fileRef = 66A23749281709FC00CA3763 /* SVProgressHUD.bundle */; };
		66A237C1281709FC00CA3763 /* AnyCodableValue.swift in Sources */ = {isa = PBXBuildFile; fileRef = 66A23757281709FC00CA3763 /* AnyCodableValue.swift */; };
		66A237C2281709FC00CA3763 /* APIService.swift in Sources */ = {isa = PBXBuildFile; fileRef = 66A23758281709FC00CA3763 /* APIService.swift */; };
		66A237C3281709FC00CA3763 /* Handlers.swift in Sources */ = {isa = PBXBuildFile; fileRef = 66A23759281709FC00CA3763 /* Handlers.swift */; };
		66A237C4281709FC00CA3763 /* SwiftUIViewModifier.swift in Sources */ = {isa = PBXBuildFile; fileRef = 66A2375B281709FC00CA3763 /* SwiftUIViewModifier.swift */; };
		66A237C5281709FC00CA3763 /* YBTextPickerDataModel.swift in Sources */ = {isa = PBXBuildFile; fileRef = 66A2375D281709FC00CA3763 /* YBTextPickerDataModel.swift */; };
		66A237C6281709FC00CA3763 /* YBTextPickerCell.xib in Resources */ = {isa = PBXBuildFile; fileRef = 66A2375F281709FC00CA3763 /* YBTextPickerCell.xib */; };
		66A237C7281709FC00CA3763 /* YBTextPickerCell.swift in Sources */ = {isa = PBXBuildFile; fileRef = 66A23760281709FC00CA3763 /* YBTextPickerCell.swift */; };
		66A237C8281709FC00CA3763 /* YBTextPicker.swift in Sources */ = {isa = PBXBuildFile; fileRef = 66A23761281709FC00CA3763 /* YBTextPicker.swift */; };
		66A237C9281709FC00CA3763 /* YBTextPicker.xib in Resources */ = {isa = PBXBuildFile; fileRef = 66A23762281709FC00CA3763 /* YBTextPicker.xib */; };
		66A237CA281709FC00CA3763 /* AlertView.swift in Sources */ = {isa = PBXBuildFile; fileRef = 66A23764281709FC00CA3763 /* AlertView.swift */; };
		66A237CB281709FC00CA3763 /* HeaderTitleView.swift in Sources */ = {isa = PBXBuildFile; fileRef = 66A23766281709FC00CA3763 /* HeaderTitleView.swift */; };
		66A237CC281709FC00CA3763 /* AppButtons.swift in Sources */ = {isa = PBXBuildFile; fileRef = 66A23767281709FC00CA3763 /* AppButtons.swift */; };
		66A237CD281709FC00CA3763 /* SwiftUIWebView.swift in Sources */ = {isa = PBXBuildFile; fileRef = 66A23768281709FC00CA3763 /* SwiftUIWebView.swift */; };
		66A237CE281709FC00CA3763 /* HeaderView.swift in Sources */ = {isa = PBXBuildFile; fileRef = 66A23769281709FC00CA3763 /* HeaderView.swift */; };
		66A237CF281709FC00CA3763 /* EmailHelper.swift in Sources */ = {isa = PBXBuildFile; fileRef = 66A2376A281709FC00CA3763 /* EmailHelper.swift */; };
		66A237D0281709FC00CA3763 /* TextFieldWithBottomLine.swift in Sources */ = {isa = PBXBuildFile; fileRef = 66A2376B281709FC00CA3763 /* TextFieldWithBottomLine.swift */; };
		66A237D1281709FC00CA3763 /* Collapsible.swift in Sources */ = {isa = PBXBuildFile; fileRef = 66A2376C281709FC00CA3763 /* Collapsible.swift */; };
		66A237D4281709FC00CA3763 /* IndicatorView.swift in Sources */ = {isa = PBXBuildFile; fileRef = 66A23771281709FC00CA3763 /* IndicatorView.swift */; };
		66A237D5281709FC00CA3763 /* ActivityLoader.swift in Sources */ = {isa = PBXBuildFile; fileRef = 66A23772281709FC00CA3763 /* ActivityLoader.swift */; };
		66A237D6281709FC00CA3763 /* ActivityIndicator.swift in Sources */ = {isa = PBXBuildFile; fileRef = 66A23773281709FC00CA3763 /* ActivityIndicator.swift */; };
		66A237D7281709FC00CA3763 /* Constant.swift in Sources */ = {isa = PBXBuildFile; fileRef = 66A23775281709FC00CA3763 /* Constant.swift */; };
		66A237D8281709FC00CA3763 /* AppUtility.swift in Sources */ = {isa = PBXBuildFile; fileRef = 66A23776281709FC00CA3763 /* AppUtility.swift */; };
		66A237D9281709FC00CA3763 /* UserSettings.swift in Sources */ = {isa = PBXBuildFile; fileRef = 66A23777281709FC00CA3763 /* UserSettings.swift */; };
		66A237FB281709FC00CA3763 /* LoginViewModel.swift in Sources */ = {isa = PBXBuildFile; fileRef = 66A237AD281709FC00CA3763 /* LoginViewModel.swift */; };
		66A237FC281709FC00CA3763 /* LoginVC.swift in Sources */ = {isa = PBXBuildFile; fileRef = 66A237AE281709FC00CA3763 /* LoginVC.swift */; };
		66A237FE281709FC00CA3763 /* UserModel.swift in Sources */ = {isa = PBXBuildFile; fileRef = 66A237B1281709FC00CA3763 /* UserModel.swift */; };
		66A238002817101100CA3763 /* CMSViewModel.swift in Sources */ = {isa = PBXBuildFile; fileRef = 66A237FF2817101100CA3763 /* CMSViewModel.swift */; };
		66A238022817103800CA3763 /* CMSModel.swift in Sources */ = {isa = PBXBuildFile; fileRef = 66A238012817103800CA3763 /* CMSModel.swift */; };
		66A238092817115B00CA3763 /* TabBarView.swift in Sources */ = {isa = PBXBuildFile; fileRef = 66A238042817115B00CA3763 /* TabBarView.swift */; };
		66A2380A2817115B00CA3763 /* TabBar.swift in Sources */ = {isa = PBXBuildFile; fileRef = 66A238052817115B00CA3763 /* TabBar.swift */; };
		66A2380B2817115B00CA3763 /* TabBarItem.swift in Sources */ = {isa = PBXBuildFile; fileRef = 66A238062817115B00CA3763 /* TabBarItem.swift */; };
		66A2380C2817115B00CA3763 /* CurrentScreen.swift in Sources */ = {isa = PBXBuildFile; fileRef = 66A238072817115B00CA3763 /* CurrentScreen.swift */; };
		66A2380D2817115B00CA3763 /* Tab.swift in Sources */ = {isa = PBXBuildFile; fileRef = 66A238082817115B00CA3763 /* Tab.swift */; };
		66A238102817133200CA3763 /* TutorialView.swift in Sources */ = {isa = PBXBuildFile; fileRef = 66A2380F2817133200CA3763 /* TutorialView.swift */; };
		66A238172817165A00CA3763 /* PageView.swift in Sources */ = {isa = PBXBuildFile; fileRef = 66A238142817165A00CA3763 /* PageView.swift */; };
		66A662CA2822EDEA0012A129 /* FeedListVC.swift in Sources */ = {isa = PBXBuildFile; fileRef = 66A662C92822EDEA0012A129 /* FeedListVC.swift */; };
		66A662CC2822F3B90012A129 /* FeedVC.swift in Sources */ = {isa = PBXBuildFile; fileRef = 66A662CB2822F3B90012A129 /* FeedVC.swift */; };
		66A662CE2822F43D0012A129 /* CategoryModel.swift in Sources */ = {isa = PBXBuildFile; fileRef = 66A662CD2822F43D0012A129 /* CategoryModel.swift */; };
		66A662D02822F5A30012A129 /* FeedListCell.swift in Sources */ = {isa = PBXBuildFile; fileRef = 66A662CF2822F5A30012A129 /* FeedListCell.swift */; };
		66A662D2282304FD0012A129 /* HomeHeaderView.swift in Sources */ = {isa = PBXBuildFile; fileRef = 66A662D1282304FD0012A129 /* HomeHeaderView.swift */; };
/* End PBXBuildFile section */

/* Begin PBXFileReference section */
		182453592820EDA7005FA023 /* ForgotPasswordVC.swift */ = {isa = PBXFileReference; lastKnownFileType = sourcecode.swift; path = ForgotPasswordVC.swift; sourceTree = "<group>"; };
		18829CF628199608001C4F8F /* RegisterVC.swift */ = {isa = PBXFileReference; lastKnownFileType = sourcecode.swift; path = RegisterVC.swift; sourceTree = "<group>"; };
		188D3270281F877C00DA078D /* OTPVC.swift */ = {isa = PBXFileReference; lastKnownFileType = sourcecode.swift; path = OTPVC.swift; sourceTree = "<group>"; };
		188EA5EA28178E9E0014CFC6 /* Launch Screen.storyboard */ = {isa = PBXFileReference; fileEncoding = 4; lastKnownFileType = file.storyboard; name = "Launch Screen.storyboard"; path = "spine/Launch Screen.storyboard"; sourceTree = SOURCE_ROOT; };
		18979F682836199B00E6025B /* Poppins-Regular.ttf */ = {isa = PBXFileReference; lastKnownFileType = file; path = "Poppins-Regular.ttf"; sourceTree = "<group>"; };
		18979F692836199B00E6025B /* Poppins-Bold.ttf */ = {isa = PBXFileReference; lastKnownFileType = file; path = "Poppins-Bold.ttf"; sourceTree = "<group>"; };
		18979F6A2836199B00E6025B /* Poppins-SemiBold.ttf */ = {isa = PBXFileReference; lastKnownFileType = file; path = "Poppins-SemiBold.ttf"; sourceTree = "<group>"; };
		189D8B8F282E2FD300C1126C /* FollowingFeedListVC.swift */ = {isa = PBXFileReference; lastKnownFileType = sourcecode.swift; path = FollowingFeedListVC.swift; sourceTree = "<group>"; };
		189D8B91282E76CB00C1126C /* CustomHalfSheetsUIView.swift */ = {isa = PBXFileReference; fileEncoding = 4; lastKnownFileType = sourcecode.swift; path = CustomHalfSheetsUIView.swift; sourceTree = "<group>"; };
		189D8B93282E8C1E00C1126C /* StoriesVC.swift */ = {isa = PBXFileReference; lastKnownFileType = sourcecode.swift; path = StoriesVC.swift; sourceTree = "<group>"; };
		18B89BE32823951F00798BF6 /* Info.plist */ = {isa = PBXFileReference; fileEncoding = 4; lastKnownFileType = text.plist.xml; path = Info.plist; sourceTree = "<group>"; };
		18D5E3762824EC350075F5A2 /* UserDefaultsExtension.swift */ = {isa = PBXFileReference; fileEncoding = 4; lastKnownFileType = sourcecode.swift; path = UserDefaultsExtension.swift; sourceTree = "<group>"; };
		18D5E3782824EC670075F5A2 /* APIRequest.swift */ = {isa = PBXFileReference; fileEncoding = 4; lastKnownFileType = sourcecode.swift; path = APIRequest.swift; sourceTree = "<group>"; };
		18D5E37A2824EC850075F5A2 /* WebClient.swift */ = {isa = PBXFileReference; fileEncoding = 4; lastKnownFileType = sourcecode.swift; path = WebClient.swift; sourceTree = "<group>"; };
		18D5E37B2824EC850075F5A2 /* Protocols.swift */ = {isa = PBXFileReference; fileEncoding = 4; lastKnownFileType = sourcecode.swift; path = Protocols.swift; sourceTree = "<group>"; };
		18D5E37F2825401B0075F5A2 /* ProfileVC.swift */ = {isa = PBXFileReference; lastKnownFileType = sourcecode.swift; path = ProfileVC.swift; sourceTree = "<group>"; };
		661830B82824409D00289E66 /* HomeSectionView.swift */ = {isa = PBXFileReference; lastKnownFileType = sourcecode.swift; path = HomeSectionView.swift; sourceTree = "<group>"; };
		6624C1072821A801009DD4F3 /* MobileNoVC.swift */ = {isa = PBXFileReference; lastKnownFileType = sourcecode.swift; path = MobileNoVC.swift; sourceTree = "<group>"; };
		6630D247281B1CBC007138B8 /* AppLoginButton.swift */ = {isa = PBXFileReference; lastKnownFileType = sourcecode.swift; path = AppLoginButton.swift; sourceTree = "<group>"; };
		66A23720281704A600CA3763 /* spine.app */ = {isa = PBXFileReference; explicitFileType = wrapper.application; includeInIndex = 0; path = spine.app; sourceTree = BUILT_PRODUCTS_DIR; };
		66A23723281704A600CA3763 /* spineApp.swift */ = {isa = PBXFileReference; lastKnownFileType = sourcecode.swift; path = spineApp.swift; sourceTree = "<group>"; };
		66A23725281704A600CA3763 /* ContentView.swift */ = {isa = PBXFileReference; lastKnownFileType = sourcecode.swift; path = ContentView.swift; sourceTree = "<group>"; };
		66A23727281704A700CA3763 /* Assets.xcassets */ = {isa = PBXFileReference; lastKnownFileType = folder.assetcatalog; path = Assets.xcassets; sourceTree = "<group>"; };
		66A2372A281704A700CA3763 /* Preview Assets.xcassets */ = {isa = PBXFileReference; lastKnownFileType = folder.assetcatalog; path = "Preview Assets.xcassets"; sourceTree = "<group>"; };
		66A237322817093A00CA3763 /* UIColor.swift */ = {isa = PBXFileReference; fileEncoding = 4; lastKnownFileType = sourcecode.swift; path = UIColor.swift; sourceTree = "<group>"; };
		66A237332817093A00CA3763 /* General+Extension.swift */ = {isa = PBXFileReference; fileEncoding = 4; lastKnownFileType = sourcecode.swift; path = "General+Extension.swift"; sourceTree = "<group>"; };
		66A237342817093A00CA3763 /* StringExtensions.swift */ = {isa = PBXFileReference; fileEncoding = 4; lastKnownFileType = sourcecode.swift; path = StringExtensions.swift; sourceTree = "<group>"; };
		66A237352817093A00CA3763 /* DateExtensions.swift */ = {isa = PBXFileReference; fileEncoding = 4; lastKnownFileType = sourcecode.swift; path = DateExtensions.swift; sourceTree = "<group>"; };
		66A237362817093A00CA3763 /* UIFont.swift */ = {isa = PBXFileReference; fileEncoding = 4; lastKnownFileType = sourcecode.swift; path = UIFont.swift; sourceTree = "<group>"; };
		66A2373C281709E500CA3763 /* ClassNavigation.swift */ = {isa = PBXFileReference; fileEncoding = 4; lastKnownFileType = sourcecode.swift; path = ClassNavigation.swift; sourceTree = "<group>"; };
		66A2373E281709FC00CA3763 /* WelcomeView.swift */ = {isa = PBXFileReference; fileEncoding = 4; lastKnownFileType = sourcecode.swift; path = WelcomeView.swift; sourceTree = "<group>"; };
		66A23741281709FC00CA3763 /* SVRadialGradientLayer.m */ = {isa = PBXFileReference; fileEncoding = 4; lastKnownFileType = sourcecode.c.objc; path = SVRadialGradientLayer.m; sourceTree = "<group>"; };
		66A23742281709FC00CA3763 /* SVIndefiniteAnimatedView.h */ = {isa = PBXFileReference; fileEncoding = 4; lastKnownFileType = sourcecode.c.h; path = SVIndefiniteAnimatedView.h; sourceTree = "<group>"; };
		66A23743281709FC00CA3763 /* SVProgressHUD.h */ = {isa = PBXFileReference; fileEncoding = 4; lastKnownFileType = sourcecode.c.h; path = SVProgressHUD.h; sourceTree = "<group>"; };
		66A23744281709FC00CA3763 /* SVProgressAnimatedView.m */ = {isa = PBXFileReference; fileEncoding = 4; lastKnownFileType = sourcecode.c.objc; path = SVProgressAnimatedView.m; sourceTree = "<group>"; };
		66A23745281709FC00CA3763 /* SVProgressHUD-Prefix.pch */ = {isa = PBXFileReference; fileEncoding = 4; lastKnownFileType = sourcecode.c.h; path = "SVProgressHUD-Prefix.pch"; sourceTree = "<group>"; };
		66A23746281709FC00CA3763 /* SVRadialGradientLayer.h */ = {isa = PBXFileReference; fileEncoding = 4; lastKnownFileType = sourcecode.c.h; path = SVRadialGradientLayer.h; sourceTree = "<group>"; };
		66A23747281709FC00CA3763 /* SVProgressHUD.m */ = {isa = PBXFileReference; fileEncoding = 4; lastKnownFileType = sourcecode.c.objc; path = SVProgressHUD.m; sourceTree = "<group>"; };
		66A23748281709FC00CA3763 /* SVIndefiniteAnimatedView.m */ = {isa = PBXFileReference; fileEncoding = 4; lastKnownFileType = sourcecode.c.objc; path = SVIndefiniteAnimatedView.m; sourceTree = "<group>"; };
		66A23749281709FC00CA3763 /* SVProgressHUD.bundle */ = {isa = PBXFileReference; lastKnownFileType = "wrapper.plug-in"; path = SVProgressHUD.bundle; sourceTree = "<group>"; };
		66A2374A281709FC00CA3763 /* SVProgressAnimatedView.h */ = {isa = PBXFileReference; fileEncoding = 4; lastKnownFileType = sourcecode.c.h; path = SVProgressAnimatedView.h; sourceTree = "<group>"; };
		66A23757281709FC00CA3763 /* AnyCodableValue.swift */ = {isa = PBXFileReference; fileEncoding = 4; lastKnownFileType = sourcecode.swift; path = AnyCodableValue.swift; sourceTree = "<group>"; };
		66A23758281709FC00CA3763 /* APIService.swift */ = {isa = PBXFileReference; fileEncoding = 4; lastKnownFileType = sourcecode.swift; path = APIService.swift; sourceTree = "<group>"; };
		66A23759281709FC00CA3763 /* Handlers.swift */ = {isa = PBXFileReference; fileEncoding = 4; lastKnownFileType = sourcecode.swift; path = Handlers.swift; sourceTree = "<group>"; };
		66A2375B281709FC00CA3763 /* SwiftUIViewModifier.swift */ = {isa = PBXFileReference; fileEncoding = 4; lastKnownFileType = sourcecode.swift; path = SwiftUIViewModifier.swift; sourceTree = "<group>"; };
		66A2375D281709FC00CA3763 /* YBTextPickerDataModel.swift */ = {isa = PBXFileReference; fileEncoding = 4; lastKnownFileType = sourcecode.swift; path = YBTextPickerDataModel.swift; sourceTree = "<group>"; };
		66A2375F281709FC00CA3763 /* YBTextPickerCell.xib */ = {isa = PBXFileReference; fileEncoding = 4; lastKnownFileType = file.xib; path = YBTextPickerCell.xib; sourceTree = "<group>"; };
		66A23760281709FC00CA3763 /* YBTextPickerCell.swift */ = {isa = PBXFileReference; fileEncoding = 4; lastKnownFileType = sourcecode.swift; path = YBTextPickerCell.swift; sourceTree = "<group>"; };
		66A23761281709FC00CA3763 /* YBTextPicker.swift */ = {isa = PBXFileReference; fileEncoding = 4; lastKnownFileType = sourcecode.swift; path = YBTextPicker.swift; sourceTree = "<group>"; };
		66A23762281709FC00CA3763 /* YBTextPicker.xib */ = {isa = PBXFileReference; fileEncoding = 4; lastKnownFileType = file.xib; path = YBTextPicker.xib; sourceTree = "<group>"; };
		66A23764281709FC00CA3763 /* AlertView.swift */ = {isa = PBXFileReference; fileEncoding = 4; lastKnownFileType = sourcecode.swift; path = AlertView.swift; sourceTree = "<group>"; };
		66A23766281709FC00CA3763 /* HeaderTitleView.swift */ = {isa = PBXFileReference; fileEncoding = 4; lastKnownFileType = sourcecode.swift; path = HeaderTitleView.swift; sourceTree = "<group>"; };
		66A23767281709FC00CA3763 /* AppButtons.swift */ = {isa = PBXFileReference; fileEncoding = 4; lastKnownFileType = sourcecode.swift; path = AppButtons.swift; sourceTree = "<group>"; };
		66A23768281709FC00CA3763 /* SwiftUIWebView.swift */ = {isa = PBXFileReference; fileEncoding = 4; lastKnownFileType = sourcecode.swift; path = SwiftUIWebView.swift; sourceTree = "<group>"; };
		66A23769281709FC00CA3763 /* HeaderView.swift */ = {isa = PBXFileReference; fileEncoding = 4; lastKnownFileType = sourcecode.swift; path = HeaderView.swift; sourceTree = "<group>"; };
		66A2376A281709FC00CA3763 /* EmailHelper.swift */ = {isa = PBXFileReference; fileEncoding = 4; lastKnownFileType = sourcecode.swift; path = EmailHelper.swift; sourceTree = "<group>"; };
		66A2376B281709FC00CA3763 /* TextFieldWithBottomLine.swift */ = {isa = PBXFileReference; fileEncoding = 4; lastKnownFileType = sourcecode.swift; path = TextFieldWithBottomLine.swift; sourceTree = "<group>"; };
		66A2376C281709FC00CA3763 /* Collapsible.swift */ = {isa = PBXFileReference; fileEncoding = 4; lastKnownFileType = sourcecode.swift; path = Collapsible.swift; sourceTree = "<group>"; };
		66A23771281709FC00CA3763 /* IndicatorView.swift */ = {isa = PBXFileReference; fileEncoding = 4; lastKnownFileType = sourcecode.swift; path = IndicatorView.swift; sourceTree = "<group>"; };
		66A23772281709FC00CA3763 /* ActivityLoader.swift */ = {isa = PBXFileReference; fileEncoding = 4; lastKnownFileType = sourcecode.swift; path = ActivityLoader.swift; sourceTree = "<group>"; };
		66A23773281709FC00CA3763 /* ActivityIndicator.swift */ = {isa = PBXFileReference; fileEncoding = 4; lastKnownFileType = sourcecode.swift; path = ActivityIndicator.swift; sourceTree = "<group>"; };
		66A23775281709FC00CA3763 /* Constant.swift */ = {isa = PBXFileReference; fileEncoding = 4; lastKnownFileType = sourcecode.swift; path = Constant.swift; sourceTree = "<group>"; };
		66A23776281709FC00CA3763 /* AppUtility.swift */ = {isa = PBXFileReference; fileEncoding = 4; lastKnownFileType = sourcecode.swift; path = AppUtility.swift; sourceTree = "<group>"; };
		66A23777281709FC00CA3763 /* UserSettings.swift */ = {isa = PBXFileReference; fileEncoding = 4; lastKnownFileType = sourcecode.swift; path = UserSettings.swift; sourceTree = "<group>"; };
		66A237AD281709FC00CA3763 /* LoginViewModel.swift */ = {isa = PBXFileReference; fileEncoding = 4; lastKnownFileType = sourcecode.swift; path = LoginViewModel.swift; sourceTree = "<group>"; };
		66A237AE281709FC00CA3763 /* LoginVC.swift */ = {isa = PBXFileReference; fileEncoding = 4; lastKnownFileType = sourcecode.swift; path = LoginVC.swift; sourceTree = "<group>"; };
		66A237B1281709FC00CA3763 /* UserModel.swift */ = {isa = PBXFileReference; fileEncoding = 4; lastKnownFileType = sourcecode.swift; path = UserModel.swift; sourceTree = "<group>"; };
		66A237FF2817101100CA3763 /* CMSViewModel.swift */ = {isa = PBXFileReference; fileEncoding = 4; lastKnownFileType = sourcecode.swift; path = CMSViewModel.swift; sourceTree = "<group>"; };
		66A238012817103800CA3763 /* CMSModel.swift */ = {isa = PBXFileReference; fileEncoding = 4; lastKnownFileType = sourcecode.swift; path = CMSModel.swift; sourceTree = "<group>"; };
		66A238042817115B00CA3763 /* TabBarView.swift */ = {isa = PBXFileReference; fileEncoding = 4; lastKnownFileType = sourcecode.swift; path = TabBarView.swift; sourceTree = "<group>"; };
		66A238052817115B00CA3763 /* TabBar.swift */ = {isa = PBXFileReference; fileEncoding = 4; lastKnownFileType = sourcecode.swift; path = TabBar.swift; sourceTree = "<group>"; };
		66A238062817115B00CA3763 /* TabBarItem.swift */ = {isa = PBXFileReference; fileEncoding = 4; lastKnownFileType = sourcecode.swift; path = TabBarItem.swift; sourceTree = "<group>"; };
		66A238072817115B00CA3763 /* CurrentScreen.swift */ = {isa = PBXFileReference; fileEncoding = 4; lastKnownFileType = sourcecode.swift; path = CurrentScreen.swift; sourceTree = "<group>"; };
		66A238082817115B00CA3763 /* Tab.swift */ = {isa = PBXFileReference; fileEncoding = 4; lastKnownFileType = sourcecode.swift; path = Tab.swift; sourceTree = "<group>"; };
		66A2380F2817133200CA3763 /* TutorialView.swift */ = {isa = PBXFileReference; lastKnownFileType = sourcecode.swift; path = TutorialView.swift; sourceTree = "<group>"; };
		66A238142817165A00CA3763 /* PageView.swift */ = {isa = PBXFileReference; fileEncoding = 4; lastKnownFileType = sourcecode.swift; path = PageView.swift; sourceTree = "<group>"; };
		66A662C92822EDEA0012A129 /* FeedListVC.swift */ = {isa = PBXFileReference; lastKnownFileType = sourcecode.swift; path = FeedListVC.swift; sourceTree = "<group>"; };
		66A662CB2822F3B90012A129 /* FeedVC.swift */ = {isa = PBXFileReference; lastKnownFileType = sourcecode.swift; path = FeedVC.swift; sourceTree = "<group>"; };
		66A662CD2822F43D0012A129 /* CategoryModel.swift */ = {isa = PBXFileReference; fileEncoding = 4; lastKnownFileType = sourcecode.swift; path = CategoryModel.swift; sourceTree = "<group>"; };
		66A662CF2822F5A30012A129 /* FeedListCell.swift */ = {isa = PBXFileReference; lastKnownFileType = sourcecode.swift; path = FeedListCell.swift; sourceTree = "<group>"; };
		66A662D1282304FD0012A129 /* HomeHeaderView.swift */ = {isa = PBXFileReference; lastKnownFileType = sourcecode.swift; path = HomeHeaderView.swift; sourceTree = "<group>"; };
		B3642862D535B89AD0648444 /* Pods_spine.framework */ = {isa = PBXFileReference; explicitFileType = wrapper.framework; includeInIndex = 0; path = Pods_spine.framework; sourceTree = BUILT_PRODUCTS_DIR; };
		B8E3B0457BD286EEE69E21E4 /* Pods-spine.debug.xcconfig */ = {isa = PBXFileReference; includeInIndex = 1; lastKnownFileType = text.xcconfig; name = "Pods-spine.debug.xcconfig"; path = "Target Support Files/Pods-spine/Pods-spine.debug.xcconfig"; sourceTree = "<group>"; };
		F7B418F95DE4601BBFC88D36 /* Pods-spine.release.xcconfig */ = {isa = PBXFileReference; includeInIndex = 1; lastKnownFileType = text.xcconfig; name = "Pods-spine.release.xcconfig"; path = "Target Support Files/Pods-spine/Pods-spine.release.xcconfig"; sourceTree = "<group>"; };
/* End PBXFileReference section */

/* Begin PBXFrameworksBuildPhase section */
		66A2371D281704A600CA3763 /* Frameworks */ = {
			isa = PBXFrameworksBuildPhase;
			buildActionMask = 2147483647;
			files = (
				29CA9FFCBC74916660861396 /* Pods_spine.framework in Frameworks */,
			);
			runOnlyForDeploymentPostprocessing = 0;
		};
/* End PBXFrameworksBuildPhase section */

/* Begin PBXGroup section */
		182453582820ED8A005FA023 /* Forgot */ = {
			isa = PBXGroup;
			children = (
				182453592820EDA7005FA023 /* ForgotPasswordVC.swift */,
			);
			path = Forgot;
			sourceTree = "<group>";
		};
		18829CF5281995DC001C4F8F /* Register */ = {
			isa = PBXGroup;
			children = (
				18829CF628199608001C4F8F /* RegisterVC.swift */,
			);
			path = Register;
			sourceTree = "<group>";
		};
		188D326F281F875700DA078D /* OTPVerification */ = {
			isa = PBXGroup;
			children = (
				188D3270281F877C00DA078D /* OTPVC.swift */,
				6624C1072821A801009DD4F3 /* MobileNoVC.swift */,
			);
			path = OTPVerification;
			sourceTree = "<group>";
		};
		18979F672836199B00E6025B /* Font */ = {
			isa = PBXGroup;
			children = (
				18979F682836199B00E6025B /* Poppins-Regular.ttf */,
				18979F692836199B00E6025B /* Poppins-Bold.ttf */,
				18979F6A2836199B00E6025B /* Poppins-SemiBold.ttf */,
			);
			path = Font;
			sourceTree = "<group>";
		};
		18B89BE62823DECC00798BF6 /* ViewModel */ = {
			isa = PBXGroup;
			children = (
			);
			path = ViewModel;
			sourceTree = "<group>";
		};
		18D5E37E28253FF90075F5A2 /* Profile */ = {
			isa = PBXGroup;
			children = (
				18D5E37F2825401B0075F5A2 /* ProfileVC.swift */,
			);
			path = Profile;
			sourceTree = "<group>";
		};
		4253A9C4071BCD003375B840 /* Pods */ = {
			isa = PBXGroup;
			children = (
				B8E3B0457BD286EEE69E21E4 /* Pods-spine.debug.xcconfig */,
				F7B418F95DE4601BBFC88D36 /* Pods-spine.release.xcconfig */,
			);
			path = Pods;
			sourceTree = "<group>";
		};
		66A23717281704A600CA3763 = {
			isa = PBXGroup;
			children = (
				66A23722281704A600CA3763 /* spine */,
				66A23721281704A600CA3763 /* Products */,
				4253A9C4071BCD003375B840 /* Pods */,
				9D18BAA750BC80289D20A4A8 /* Frameworks */,
			);
			sourceTree = "<group>";
		};
		66A23721281704A600CA3763 /* Products */ = {
			isa = PBXGroup;
			children = (
				66A23720281704A600CA3763 /* spine.app */,
			);
			name = Products;
			sourceTree = "<group>";
		};
		66A23722281704A600CA3763 /* spine */ = {
			isa = PBXGroup;
			children = (
				66A23723281704A600CA3763 /* spineApp.swift */,
				66A23725281704A600CA3763 /* ContentView.swift */,
				66A2373C281709E500CA3763 /* ClassNavigation.swift */,
				66A2373E281709FC00CA3763 /* WelcomeView.swift */,
				66A23774281709FC00CA3763 /* Helper */,
				66A2373F281709FC00CA3763 /* Library */,
				66A23778281709FC00CA3763 /* Module */,
				66A2375A281709FC00CA3763 /* Components */,
				66A2374B281709FC00CA3763 /* Resources */,
				66A23756281709FC00CA3763 /* Webclient */,
				66A237312817093A00CA3763 /* Extension */,
				188EA5EA28178E9E0014CFC6 /* Launch Screen.storyboard */,
				18B89BE32823951F00798BF6 /* Info.plist */,
				66A23727281704A700CA3763 /* Assets.xcassets */,
				66A23729281704A700CA3763 /* Preview Content */,
			);
			path = spine;
			sourceTree = "<group>";
		};
		66A23729281704A700CA3763 /* Preview Content */ = {
			isa = PBXGroup;
			children = (
				66A2372A281704A700CA3763 /* Preview Assets.xcassets */,
			);
			path = "Preview Content";
			sourceTree = "<group>";
		};
		66A237312817093A00CA3763 /* Extension */ = {
			isa = PBXGroup;
			children = (
				66A237322817093A00CA3763 /* UIColor.swift */,
				18D5E3762824EC350075F5A2 /* UserDefaultsExtension.swift */,
				66A237332817093A00CA3763 /* General+Extension.swift */,
				66A237342817093A00CA3763 /* StringExtensions.swift */,
				66A237352817093A00CA3763 /* DateExtensions.swift */,
				66A237362817093A00CA3763 /* UIFont.swift */,
			);
			path = Extension;
			sourceTree = "<group>";
		};
		66A2373F281709FC00CA3763 /* Library */ = {
			isa = PBXGroup;
			children = (
				189D8B91282E76CB00C1126C /* CustomHalfSheetsUIView.swift */,
				66A23740281709FC00CA3763 /* SVProgressHUD */,
			);
			path = Library;
			sourceTree = "<group>";
		};
		66A23740281709FC00CA3763 /* SVProgressHUD */ = {
			isa = PBXGroup;
			children = (
				66A23741281709FC00CA3763 /* SVRadialGradientLayer.m */,
				66A23742281709FC00CA3763 /* SVIndefiniteAnimatedView.h */,
				66A23743281709FC00CA3763 /* SVProgressHUD.h */,
				66A23744281709FC00CA3763 /* SVProgressAnimatedView.m */,
				66A23745281709FC00CA3763 /* SVProgressHUD-Prefix.pch */,
				66A23746281709FC00CA3763 /* SVRadialGradientLayer.h */,
				66A23747281709FC00CA3763 /* SVProgressHUD.m */,
				66A23748281709FC00CA3763 /* SVIndefiniteAnimatedView.m */,
				66A23749281709FC00CA3763 /* SVProgressHUD.bundle */,
				66A2374A281709FC00CA3763 /* SVProgressAnimatedView.h */,
			);
			path = SVProgressHUD;
			sourceTree = "<group>";
		};
		66A2374B281709FC00CA3763 /* Resources */ = {
			isa = PBXGroup;
			children = (
				18979F672836199B00E6025B /* Font */,
			);
			path = Resources;
			sourceTree = "<group>";
		};
		66A23756281709FC00CA3763 /* Webclient */ = {
			isa = PBXGroup;
			children = (
				66A23757281709FC00CA3763 /* AnyCodableValue.swift */,
				18D5E3782824EC670075F5A2 /* APIRequest.swift */,
				66A23758281709FC00CA3763 /* APIService.swift */,
				18D5E37B2824EC850075F5A2 /* Protocols.swift */,
				18D5E37A2824EC850075F5A2 /* WebClient.swift */,
				66A23759281709FC00CA3763 /* Handlers.swift */,
			);
			path = Webclient;
			sourceTree = "<group>";
		};
		66A2375A281709FC00CA3763 /* Components */ = {
			isa = PBXGroup;
			children = (
				66A238112817165A00CA3763 /* PageView */,
				66A2375B281709FC00CA3763 /* SwiftUIViewModifier.swift */,
				66A2375C281709FC00CA3763 /* YBTextPicker */,
				66A23763281709FC00CA3763 /* CustomPopup */,
				66A23765281709FC00CA3763 /* Objects */,
				66A23770281709FC00CA3763 /* LoaderView */,
			);
			path = Components;
			sourceTree = "<group>";
		};
		66A2375C281709FC00CA3763 /* YBTextPicker */ = {
			isa = PBXGroup;
			children = (
				66A2375D281709FC00CA3763 /* YBTextPickerDataModel.swift */,
				66A2375E281709FC00CA3763 /* YBTextPickerCell */,
				66A23761281709FC00CA3763 /* YBTextPicker.swift */,
				66A23762281709FC00CA3763 /* YBTextPicker.xib */,
			);
			path = YBTextPicker;
			sourceTree = "<group>";
		};
		66A2375E281709FC00CA3763 /* YBTextPickerCell */ = {
			isa = PBXGroup;
			children = (
				66A2375F281709FC00CA3763 /* YBTextPickerCell.xib */,
				66A23760281709FC00CA3763 /* YBTextPickerCell.swift */,
			);
			path = YBTextPickerCell;
			sourceTree = "<group>";
		};
		66A23763281709FC00CA3763 /* CustomPopup */ = {
			isa = PBXGroup;
			children = (
				66A23764281709FC00CA3763 /* AlertView.swift */,
			);
			path = CustomPopup;
			sourceTree = "<group>";
		};
		66A23765281709FC00CA3763 /* Objects */ = {
			isa = PBXGroup;
			children = (
				66A23766281709FC00CA3763 /* HeaderTitleView.swift */,
				66A23767281709FC00CA3763 /* AppButtons.swift */,
				6630D247281B1CBC007138B8 /* AppLoginButton.swift */,
				66A23768281709FC00CA3763 /* SwiftUIWebView.swift */,
				66A23769281709FC00CA3763 /* HeaderView.swift */,
				66A2376A281709FC00CA3763 /* EmailHelper.swift */,
				66A2376B281709FC00CA3763 /* TextFieldWithBottomLine.swift */,
				66A2376C281709FC00CA3763 /* Collapsible.swift */,
			);
			path = Objects;
			sourceTree = "<group>";
		};
		66A23770281709FC00CA3763 /* LoaderView */ = {
			isa = PBXGroup;
			children = (
				66A23771281709FC00CA3763 /* IndicatorView.swift */,
				66A23772281709FC00CA3763 /* ActivityLoader.swift */,
				66A23773281709FC00CA3763 /* ActivityIndicator.swift */,
			);
			path = LoaderView;
			sourceTree = "<group>";
		};
		66A23774281709FC00CA3763 /* Helper */ = {
			isa = PBXGroup;
			children = (
				66A23775281709FC00CA3763 /* Constant.swift */,
				66A23776281709FC00CA3763 /* AppUtility.swift */,
				66A23777281709FC00CA3763 /* UserSettings.swift */,
			);
			path = Helper;
			sourceTree = "<group>";
		};
		66A23778281709FC00CA3763 /* Module */ = {
			isa = PBXGroup;
			children = (
				18D5E37E28253FF90075F5A2 /* Profile */,
				66A662C52822ED6F0012A129 /* Feed */,
				182453582820ED8A005FA023 /* Forgot */,
				188D326F281F875700DA078D /* OTPVerification */,
				18829CF5281995DC001C4F8F /* Register */,
				66A2380E281712FF00CA3763 /* Tutorial */,
				66A238032817115B00CA3763 /* Tabbar */,
				66A237AB281709FC00CA3763 /* Login */,
			);
			path = Module;
			sourceTree = "<group>";
		};
		66A237AB281709FC00CA3763 /* Login */ = {
			isa = PBXGroup;
			children = (
				66A237AE281709FC00CA3763 /* LoginVC.swift */,
				66A237AC281709FC00CA3763 /* ViewModel */,
				66A237B0281709FC00CA3763 /* Model */,
			);
			path = Login;
			sourceTree = "<group>";
		};
		66A237AC281709FC00CA3763 /* ViewModel */ = {
			isa = PBXGroup;
			children = (
				66A237FF2817101100CA3763 /* CMSViewModel.swift */,
				66A237AD281709FC00CA3763 /* LoginViewModel.swift */,
			);
			path = ViewModel;
			sourceTree = "<group>";
		};
		66A237B0281709FC00CA3763 /* Model */ = {
			isa = PBXGroup;
			children = (
				66A238012817103800CA3763 /* CMSModel.swift */,
				66A237B1281709FC00CA3763 /* UserModel.swift */,
			);
			path = Model;
			sourceTree = "<group>";
		};
		66A238032817115B00CA3763 /* Tabbar */ = {
			isa = PBXGroup;
			children = (
				66A238042817115B00CA3763 /* TabBarView.swift */,
				66A238052817115B00CA3763 /* TabBar.swift */,
				66A238062817115B00CA3763 /* TabBarItem.swift */,
				66A238072817115B00CA3763 /* CurrentScreen.swift */,
				66A238082817115B00CA3763 /* Tab.swift */,
			);
			path = Tabbar;
			sourceTree = "<group>";
		};
		66A2380E281712FF00CA3763 /* Tutorial */ = {
			isa = PBXGroup;
			children = (
				66A2380F2817133200CA3763 /* TutorialView.swift */,
			);
			path = Tutorial;
			sourceTree = "<group>";
		};
		66A238112817165A00CA3763 /* PageView */ = {
			isa = PBXGroup;
			children = (
				66A238142817165A00CA3763 /* PageView.swift */,
			);
			path = PageView;
			sourceTree = "<group>";
		};
		66A662C52822ED6F0012A129 /* Feed */ = {
			isa = PBXGroup;
			children = (
				18B89BE62823DECC00798BF6 /* ViewModel */,
				66A662C82822EDD90012A129 /* Cell */,
				66A662C62822EDCA0012A129 /* Model */,
				66A662C92822EDEA0012A129 /* FeedListVC.swift */,
				66A662D1282304FD0012A129 /* HomeHeaderView.swift */,
				661830B82824409D00289E66 /* HomeSectionView.swift */,
				66A662CB2822F3B90012A129 /* FeedVC.swift */,
				189D8B8F282E2FD300C1126C /* FollowingFeedListVC.swift */,
				189D8B93282E8C1E00C1126C /* StoriesVC.swift */,
			);
			path = Feed;
			sourceTree = "<group>";
		};
		66A662C62822EDCA0012A129 /* Model */ = {
			isa = PBXGroup;
			children = (
				66A662CD2822F43D0012A129 /* CategoryModel.swift */,
			);
			path = Model;
			sourceTree = "<group>";
		};
		66A662C82822EDD90012A129 /* Cell */ = {
			isa = PBXGroup;
			children = (
				66A662CF2822F5A30012A129 /* FeedListCell.swift */,
			);
			path = Cell;
			sourceTree = "<group>";
		};
		9D18BAA750BC80289D20A4A8 /* Frameworks */ = {
			isa = PBXGroup;
			children = (
				B3642862D535B89AD0648444 /* Pods_spine.framework */,
			);
			name = Frameworks;
			sourceTree = "<group>";
		};
/* End PBXGroup section */

/* Begin PBXNativeTarget section */
		66A2371F281704A600CA3763 /* spine */ = {
			isa = PBXNativeTarget;
			buildConfigurationList = 66A2372E281704A700CA3763 /* Build configuration list for PBXNativeTarget "spine" */;
			buildPhases = (
				089047992912217EBE864AA0 /* [CP] Check Pods Manifest.lock */,
				66A2371C281704A600CA3763 /* Sources */,
				66A2371D281704A600CA3763 /* Frameworks */,
				66A2371E281704A600CA3763 /* Resources */,
				BFB68BEDF202E3943A14221D /* [CP] Embed Pods Frameworks */,
			);
			buildRules = (
			);
			dependencies = (
			);
			name = spine;
			productName = spine;
			productReference = 66A23720281704A600CA3763 /* spine.app */;
			productType = "com.apple.product-type.application";
		};
/* End PBXNativeTarget section */

/* Begin PBXProject section */
		66A23718281704A600CA3763 /* Project object */ = {
			isa = PBXProject;
			attributes = {
				BuildIndependentTargetsInParallel = 1;
				LastSwiftUpdateCheck = 1300;
				LastUpgradeCheck = 1300;
				TargetAttributes = {
					66A2371F281704A600CA3763 = {
						CreatedOnToolsVersion = 13.0;
					};
				};
			};
			buildConfigurationList = 66A2371B281704A600CA3763 /* Build configuration list for PBXProject "spine" */;
			compatibilityVersion = "Xcode 13.0";
			developmentRegion = en;
			hasScannedForEncodings = 0;
			knownRegions = (
				en,
				Base,
			);
			mainGroup = 66A23717281704A600CA3763;
			productRefGroup = 66A23721281704A600CA3763 /* Products */;
			projectDirPath = "";
			projectRoot = "";
			targets = (
				66A2371F281704A600CA3763 /* spine */,
			);
		};
/* End PBXProject section */

/* Begin PBXResourcesBuildPhase section */
		66A2371E281704A600CA3763 /* Resources */ = {
			isa = PBXResourcesBuildPhase;
			buildActionMask = 2147483647;
			files = (
				188EA5EB28178E9E0014CFC6 /* Launch Screen.storyboard in Resources */,
				66A2372B281704A700CA3763 /* Preview Assets.xcassets in Resources */,
				18979F6B2836199B00E6025B /* Poppins-Regular.ttf in Resources */,
				18979F6C2836199B00E6025B /* Poppins-Bold.ttf in Resources */,
				66A237B7281709FC00CA3763 /* SVProgressHUD.bundle in Resources */,
				66A237C6281709FC00CA3763 /* YBTextPickerCell.xib in Resources */,
				18979F6D2836199B00E6025B /* Poppins-SemiBold.ttf in Resources */,
				66A23728281704A700CA3763 /* Assets.xcassets in Resources */,
				66A237C9281709FC00CA3763 /* YBTextPicker.xib in Resources */,
			);
			runOnlyForDeploymentPostprocessing = 0;
		};
/* End PBXResourcesBuildPhase section */

/* Begin PBXShellScriptBuildPhase section */
		089047992912217EBE864AA0 /* [CP] Check Pods Manifest.lock */ = {
			isa = PBXShellScriptBuildPhase;
			buildActionMask = 2147483647;
			files = (
			);
			inputFileListPaths = (
			);
			inputPaths = (
				"${PODS_PODFILE_DIR_PATH}/Podfile.lock",
				"${PODS_ROOT}/Manifest.lock",
			);
			name = "[CP] Check Pods Manifest.lock";
			outputFileListPaths = (
			);
			outputPaths = (
				"$(DERIVED_FILE_DIR)/Pods-spine-checkManifestLockResult.txt",
			);
			runOnlyForDeploymentPostprocessing = 0;
			shellPath = /bin/sh;
			shellScript = "diff \"${PODS_PODFILE_DIR_PATH}/Podfile.lock\" \"${PODS_ROOT}/Manifest.lock\" > /dev/null\nif [ $? != 0 ] ; then\n    # print error to STDERR\n    echo \"error: The sandbox is not in sync with the Podfile.lock. Run 'pod install' or update your CocoaPods installation.\" >&2\n    exit 1\nfi\n# This output is used by Xcode 'outputs' to avoid re-running this script phase.\necho \"SUCCESS\" > \"${SCRIPT_OUTPUT_FILE_0}\"\n";
			showEnvVarsInLog = 0;
		};
		BFB68BEDF202E3943A14221D /* [CP] Embed Pods Frameworks */ = {
			isa = PBXShellScriptBuildPhase;
			buildActionMask = 2147483647;
			files = (
			);
			inputFileListPaths = (
				"${PODS_ROOT}/Target Support Files/Pods-spine/Pods-spine-frameworks-${CONFIGURATION}-input-files.xcfilelist",
			);
			name = "[CP] Embed Pods Frameworks";
			outputFileListPaths = (
				"${PODS_ROOT}/Target Support Files/Pods-spine/Pods-spine-frameworks-${CONFIGURATION}-output-files.xcfilelist",
			);
			runOnlyForDeploymentPostprocessing = 0;
			shellPath = /bin/sh;
			shellScript = "\"${PODS_ROOT}/Target Support Files/Pods-spine/Pods-spine-frameworks.sh\"\n";
			showEnvVarsInLog = 0;
		};
/* End PBXShellScriptBuildPhase section */

/* Begin PBXSourcesBuildPhase section */
		66A2371C281704A600CA3763 /* Sources */ = {
			isa = PBXSourcesBuildPhase;
			buildActionMask = 2147483647;
			files = (
				66A237C4281709FC00CA3763 /* SwiftUIViewModifier.swift in Sources */,
				66A238172817165A00CA3763 /* PageView.swift in Sources */,
				18D5E3772824EC350075F5A2 /* UserDefaultsExtension.swift in Sources */,
				66A237FC281709FC00CA3763 /* LoginVC.swift in Sources */,
				18D5E3792824EC670075F5A2 /* APIRequest.swift in Sources */,
				66A237D7281709FC00CA3763 /* Constant.swift in Sources */,
				189D8B90282E2FD300C1126C /* FollowingFeedListVC.swift in Sources */,
				66A237382817093A00CA3763 /* General+Extension.swift in Sources */,
				66A237CA281709FC00CA3763 /* AlertView.swift in Sources */,
				66A237C2281709FC00CA3763 /* APIService.swift in Sources */,
				66A237CF281709FC00CA3763 /* EmailHelper.swift in Sources */,
				66A237B6281709FC00CA3763 /* SVIndefiniteAnimatedView.m in Sources */,
				66A237D8281709FC00CA3763 /* AppUtility.swift in Sources */,
				66A237D1281709FC00CA3763 /* Collapsible.swift in Sources */,
				661830B92824409D00289E66 /* HomeSectionView.swift in Sources */,
				18829CF728199608001C4F8F /* RegisterVC.swift in Sources */,
				66A662D2282304FD0012A129 /* HomeHeaderView.swift in Sources */,
				66A23726281704A600CA3763 /* ContentView.swift in Sources */,
				189D8B92282E76CB00C1126C /* CustomHalfSheetsUIView.swift in Sources */,
				66A237CB281709FC00CA3763 /* HeaderTitleView.swift in Sources */,
				66A237B4281709FC00CA3763 /* SVProgressAnimatedView.m in Sources */,
				66A238022817103800CA3763 /* CMSModel.swift in Sources */,
				66A237CC281709FC00CA3763 /* AppButtons.swift in Sources */,
				66A237D9281709FC00CA3763 /* UserSettings.swift in Sources */,
				66A237392817093A00CA3763 /* StringExtensions.swift in Sources */,
				18D5E37C2824EC850075F5A2 /* WebClient.swift in Sources */,
				66A237C1281709FC00CA3763 /* AnyCodableValue.swift in Sources */,
				66A2380B2817115B00CA3763 /* TabBarItem.swift in Sources */,
				66A2373B2817093A00CA3763 /* UIFont.swift in Sources */,
				66A238092817115B00CA3763 /* TabBarView.swift in Sources */,
				66A237B5281709FC00CA3763 /* SVProgressHUD.m in Sources */,
				66A237D6281709FC00CA3763 /* ActivityIndicator.swift in Sources */,
				66A237B2281709FC00CA3763 /* WelcomeView.swift in Sources */,
				66A662CC2822F3B90012A129 /* FeedVC.swift in Sources */,
				66A237C7281709FC00CA3763 /* YBTextPickerCell.swift in Sources */,
				66A237CE281709FC00CA3763 /* HeaderView.swift in Sources */,
				188D3271281F877C00DA078D /* OTPVC.swift in Sources */,
				66A237FE281709FC00CA3763 /* UserModel.swift in Sources */,
				66A2380D2817115B00CA3763 /* Tab.swift in Sources */,
				66A237D5281709FC00CA3763 /* ActivityLoader.swift in Sources */,
				66A662CA2822EDEA0012A129 /* FeedListVC.swift in Sources */,
				66A237FB281709FC00CA3763 /* LoginViewModel.swift in Sources */,
				6624C1082821A801009DD4F3 /* MobileNoVC.swift in Sources */,
				66A237C3281709FC00CA3763 /* Handlers.swift in Sources */,
				66A237D0281709FC00CA3763 /* TextFieldWithBottomLine.swift in Sources */,
				66A237372817093A00CA3763 /* UIColor.swift in Sources */,
				66A2380C2817115B00CA3763 /* CurrentScreen.swift in Sources */,
				18D5E37D2824EC850075F5A2 /* Protocols.swift in Sources */,
				66A23724281704A600CA3763 /* spineApp.swift in Sources */,
				6630D248281B1CBC007138B8 /* AppLoginButton.swift in Sources */,
				66A662D02822F5A30012A129 /* FeedListCell.swift in Sources */,
				66A238002817101100CA3763 /* CMSViewModel.swift in Sources */,
				66A662CE2822F43D0012A129 /* CategoryModel.swift in Sources */,
				66A237C8281709FC00CA3763 /* YBTextPicker.swift in Sources */,
				189D8B94282E8C1E00C1126C /* StoriesVC.swift in Sources */,
				66A2380A2817115B00CA3763 /* TabBar.swift in Sources */,
				66A238102817133200CA3763 /* TutorialView.swift in Sources */,
				66A237D4281709FC00CA3763 /* IndicatorView.swift in Sources */,
				1824535A2820EDA7005FA023 /* ForgotPasswordVC.swift in Sources */,
				18D5E3802825401B0075F5A2 /* ProfileVC.swift in Sources */,
				66A237CD281709FC00CA3763 /* SwiftUIWebView.swift in Sources */,
				66A2373D281709E500CA3763 /* ClassNavigation.swift in Sources */,
				66A2373A2817093A00CA3763 /* DateExtensions.swift in Sources */,
				66A237B3281709FC00CA3763 /* SVRadialGradientLayer.m in Sources */,
				66A237C5281709FC00CA3763 /* YBTextPickerDataModel.swift in Sources */,
			);
			runOnlyForDeploymentPostprocessing = 0;
		};
/* End PBXSourcesBuildPhase section */

/* Begin XCBuildConfiguration section */
		66A2372C281704A700CA3763 /* Debug */ = {
			isa = XCBuildConfiguration;
			buildSettings = {
				ALWAYS_SEARCH_USER_PATHS = NO;
				CLANG_ANALYZER_NONNULL = YES;
				CLANG_ANALYZER_NUMBER_OBJECT_CONVERSION = YES_AGGRESSIVE;
				CLANG_CXX_LANGUAGE_STANDARD = "gnu++17";
				CLANG_CXX_LIBRARY = "libc++";
				CLANG_ENABLE_MODULES = YES;
				CLANG_ENABLE_OBJC_ARC = YES;
				CLANG_ENABLE_OBJC_WEAK = YES;
				CLANG_WARN_BLOCK_CAPTURE_AUTORELEASING = YES;
				CLANG_WARN_BOOL_CONVERSION = YES;
				CLANG_WARN_COMMA = YES;
				CLANG_WARN_CONSTANT_CONVERSION = YES;
				CLANG_WARN_DEPRECATED_OBJC_IMPLEMENTATIONS = YES;
				CLANG_WARN_DIRECT_OBJC_ISA_USAGE = YES_ERROR;
				CLANG_WARN_DOCUMENTATION_COMMENTS = YES;
				CLANG_WARN_EMPTY_BODY = YES;
				CLANG_WARN_ENUM_CONVERSION = YES;
				CLANG_WARN_INFINITE_RECURSION = YES;
				CLANG_WARN_INT_CONVERSION = YES;
				CLANG_WARN_NON_LITERAL_NULL_CONVERSION = YES;
				CLANG_WARN_OBJC_IMPLICIT_RETAIN_SELF = YES;
				CLANG_WARN_OBJC_LITERAL_CONVERSION = YES;
				CLANG_WARN_OBJC_ROOT_CLASS = YES_ERROR;
				CLANG_WARN_QUOTED_INCLUDE_IN_FRAMEWORK_HEADER = YES;
				CLANG_WARN_RANGE_LOOP_ANALYSIS = YES;
				CLANG_WARN_STRICT_PROTOTYPES = YES;
				CLANG_WARN_SUSPICIOUS_MOVE = YES;
				CLANG_WARN_UNGUARDED_AVAILABILITY = YES_AGGRESSIVE;
				CLANG_WARN_UNREACHABLE_CODE = YES;
				CLANG_WARN__DUPLICATE_METHOD_MATCH = YES;
				COPY_PHASE_STRIP = NO;
				DEBUG_INFORMATION_FORMAT = dwarf;
				ENABLE_STRICT_OBJC_MSGSEND = YES;
				ENABLE_TESTABILITY = YES;
				GCC_C_LANGUAGE_STANDARD = gnu11;
				GCC_DYNAMIC_NO_PIC = NO;
				GCC_NO_COMMON_BLOCKS = YES;
				GCC_OPTIMIZATION_LEVEL = 0;
				GCC_PREPROCESSOR_DEFINITIONS = (
					"DEBUG=1",
					"$(inherited)",
				);
				GCC_WARN_64_TO_32_BIT_CONVERSION = YES;
				GCC_WARN_ABOUT_RETURN_TYPE = YES_ERROR;
				GCC_WARN_UNDECLARED_SELECTOR = YES;
				GCC_WARN_UNINITIALIZED_AUTOS = YES_AGGRESSIVE;
				GCC_WARN_UNUSED_FUNCTION = YES;
				GCC_WARN_UNUSED_VARIABLE = YES;
				IPHONEOS_DEPLOYMENT_TARGET = 15.0;
				MTL_ENABLE_DEBUG_INFO = INCLUDE_SOURCE;
				MTL_FAST_MATH = YES;
				ONLY_ACTIVE_ARCH = YES;
				SDKROOT = iphoneos;
				SWIFT_ACTIVE_COMPILATION_CONDITIONS = DEBUG;
				SWIFT_OPTIMIZATION_LEVEL = "-Onone";
			};
			name = Debug;
		};
		66A2372D281704A700CA3763 /* Release */ = {
			isa = XCBuildConfiguration;
			buildSettings = {
				ALWAYS_SEARCH_USER_PATHS = NO;
				CLANG_ANALYZER_NONNULL = YES;
				CLANG_ANALYZER_NUMBER_OBJECT_CONVERSION = YES_AGGRESSIVE;
				CLANG_CXX_LANGUAGE_STANDARD = "gnu++17";
				CLANG_CXX_LIBRARY = "libc++";
				CLANG_ENABLE_MODULES = YES;
				CLANG_ENABLE_OBJC_ARC = YES;
				CLANG_ENABLE_OBJC_WEAK = YES;
				CLANG_WARN_BLOCK_CAPTURE_AUTORELEASING = YES;
				CLANG_WARN_BOOL_CONVERSION = YES;
				CLANG_WARN_COMMA = YES;
				CLANG_WARN_CONSTANT_CONVERSION = YES;
				CLANG_WARN_DEPRECATED_OBJC_IMPLEMENTATIONS = YES;
				CLANG_WARN_DIRECT_OBJC_ISA_USAGE = YES_ERROR;
				CLANG_WARN_DOCUMENTATION_COMMENTS = YES;
				CLANG_WARN_EMPTY_BODY = YES;
				CLANG_WARN_ENUM_CONVERSION = YES;
				CLANG_WARN_INFINITE_RECURSION = YES;
				CLANG_WARN_INT_CONVERSION = YES;
				CLANG_WARN_NON_LITERAL_NULL_CONVERSION = YES;
				CLANG_WARN_OBJC_IMPLICIT_RETAIN_SELF = YES;
				CLANG_WARN_OBJC_LITERAL_CONVERSION = YES;
				CLANG_WARN_OBJC_ROOT_CLASS = YES_ERROR;
				CLANG_WARN_QUOTED_INCLUDE_IN_FRAMEWORK_HEADER = YES;
				CLANG_WARN_RANGE_LOOP_ANALYSIS = YES;
				CLANG_WARN_STRICT_PROTOTYPES = YES;
				CLANG_WARN_SUSPICIOUS_MOVE = YES;
				CLANG_WARN_UNGUARDED_AVAILABILITY = YES_AGGRESSIVE;
				CLANG_WARN_UNREACHABLE_CODE = YES;
				CLANG_WARN__DUPLICATE_METHOD_MATCH = YES;
				COPY_PHASE_STRIP = NO;
				DEBUG_INFORMATION_FORMAT = "dwarf-with-dsym";
				ENABLE_NS_ASSERTIONS = NO;
				ENABLE_STRICT_OBJC_MSGSEND = YES;
				GCC_C_LANGUAGE_STANDARD = gnu11;
				GCC_NO_COMMON_BLOCKS = YES;
				GCC_WARN_64_TO_32_BIT_CONVERSION = YES;
				GCC_WARN_ABOUT_RETURN_TYPE = YES_ERROR;
				GCC_WARN_UNDECLARED_SELECTOR = YES;
				GCC_WARN_UNINITIALIZED_AUTOS = YES_AGGRESSIVE;
				GCC_WARN_UNUSED_FUNCTION = YES;
				GCC_WARN_UNUSED_VARIABLE = YES;
				IPHONEOS_DEPLOYMENT_TARGET = 15.0;
				MTL_ENABLE_DEBUG_INFO = NO;
				MTL_FAST_MATH = YES;
				SDKROOT = iphoneos;
				SWIFT_COMPILATION_MODE = wholemodule;
				SWIFT_OPTIMIZATION_LEVEL = "-O";
				VALIDATE_PRODUCT = YES;
			};
			name = Release;
		};
		66A2372F281704A700CA3763 /* Debug */ = {
			isa = XCBuildConfiguration;
			baseConfigurationReference = B8E3B0457BD286EEE69E21E4 /* Pods-spine.debug.xcconfig */;
			buildSettings = {
				ASSETCATALOG_COMPILER_APPICON_NAME = AppIcon;
				ASSETCATALOG_COMPILER_GLOBAL_ACCENT_COLOR_NAME = AccentColor;
				CODE_SIGN_IDENTITY = "iPhone Developer";
				CODE_SIGN_STYLE = Manual;
				CURRENT_PROJECT_VERSION = 2;
				DEVELOPMENT_ASSET_PATHS = "\"spine/Preview Content\"";
				DEVELOPMENT_TEAM = 9XG99HAQ57;
				ENABLE_PREVIEWS = YES;
				GENERATE_INFOPLIST_FILE = YES;
				INFOPLIST_FILE = spine/Info.plist;
				INFOPLIST_KEY_CFBundleDisplayName = Spine;
				INFOPLIST_KEY_NSCameraUsageDescription = "This App needs to access your Camera for Posts";
				INFOPLIST_KEY_NSLocationUsageDescription = "This App needs your location for your post";
				INFOPLIST_KEY_NSLocationWhenInUseUsageDescription = "This App needs your location for your post";
				INFOPLIST_KEY_NSPhotoLibraryUsageDescription = "This App needs to access your Photo Library for Posts";
				INFOPLIST_KEY_UIApplicationSupportsIndirectInputEvents = YES;
				INFOPLIST_KEY_UILaunchScreen_Generation = YES;
				INFOPLIST_KEY_UILaunchStoryboardName = "Launch Screen";
				INFOPLIST_KEY_UIRequiredDeviceCapabilities = armv7;
				INFOPLIST_KEY_UISupportedInterfaceOrientations = UIInterfaceOrientationPortrait;
				INFOPLIST_KEY_UISupportedInterfaceOrientations_iPad = "UIInterfaceOrientationPortrait UIInterfaceOrientationPortraitUpsideDown UIInterfaceOrientationLandscapeLeft UIInterfaceOrientationLandscapeRight";
				INFOPLIST_KEY_UISupportedInterfaceOrientations_iPhone = "UIInterfaceOrientationPortrait UIInterfaceOrientationLandscapeLeft UIInterfaceOrientationLandscapeRight";
				INFOPLIST_KEY_UIUserInterfaceStyle = Light;
				IPHONEOS_DEPLOYMENT_TARGET = 14.0;
				LD_RUNPATH_SEARCH_PATHS = (
					"$(inherited)",
					"@executable_path/Frameworks",
				);
				MARKETING_VERSION = 1.0;
				PRODUCT_BUNDLE_IDENTIFIER = com.app.spine;
				PRODUCT_NAME = "$(TARGET_NAME)";
				PROVISIONING_PROFILE_SPECIFIER = dev_spine;
				SWIFT_EMIT_LOC_STRINGS = YES;
				SWIFT_VERSION = 5.0;
				TARGETED_DEVICE_FAMILY = 1;
			};
			name = Debug;
		};
		66A23730281704A700CA3763 /* Release */ = {
			isa = XCBuildConfiguration;
			baseConfigurationReference = F7B418F95DE4601BBFC88D36 /* Pods-spine.release.xcconfig */;
			buildSettings = {
				ASSETCATALOG_COMPILER_APPICON_NAME = AppIcon;
				ASSETCATALOG_COMPILER_GLOBAL_ACCENT_COLOR_NAME = AccentColor;
				CODE_SIGN_IDENTITY = "iPhone Distribution";
				CODE_SIGN_STYLE = Manual;
				CURRENT_PROJECT_VERSION = 2;
				DEVELOPMENT_ASSET_PATHS = "\"spine/Preview Content\"";
				DEVELOPMENT_TEAM = 9XG99HAQ57;
				ENABLE_PREVIEWS = YES;
				GENERATE_INFOPLIST_FILE = YES;
				INFOPLIST_FILE = spine/Info.plist;
				INFOPLIST_KEY_CFBundleDisplayName = Spine;
				INFOPLIST_KEY_NSCameraUsageDescription = "This App needs to access your Camera for Posts";
				INFOPLIST_KEY_NSLocationUsageDescription = "This App needs your location for your post";
				INFOPLIST_KEY_NSLocationWhenInUseUsageDescription = "This App needs your location for your post";
				INFOPLIST_KEY_NSPhotoLibraryUsageDescription = "This App needs to access your Photo Library for Posts";
				INFOPLIST_KEY_UIApplicationSupportsIndirectInputEvents = YES;
				INFOPLIST_KEY_UILaunchScreen_Generation = YES;
				INFOPLIST_KEY_UILaunchStoryboardName = "Launch Screen";
				INFOPLIST_KEY_UIRequiredDeviceCapabilities = armv7;
				INFOPLIST_KEY_UISupportedInterfaceOrientations = UIInterfaceOrientationPortrait;
				INFOPLIST_KEY_UISupportedInterfaceOrientations_iPad = "UIInterfaceOrientationPortrait UIInterfaceOrientationPortraitUpsideDown UIInterfaceOrientationLandscapeLeft UIInterfaceOrientationLandscapeRight";
				INFOPLIST_KEY_UISupportedInterfaceOrientations_iPhone = "UIInterfaceOrientationPortrait UIInterfaceOrientationLandscapeLeft UIInterfaceOrientationLandscapeRight";
				INFOPLIST_KEY_UIUserInterfaceStyle = Light;
				IPHONEOS_DEPLOYMENT_TARGET = 14.0;
				LD_RUNPATH_SEARCH_PATHS = (
					"$(inherited)",
					"@executable_path/Frameworks",
				);
				MARKETING_VERSION = 1.0;
				PRODUCT_BUNDLE_IDENTIFIER = com.app.spine;
				PRODUCT_NAME = "$(TARGET_NAME)";
				PROVISIONING_PROFILE_SPECIFIER = pro_dist;
				SWIFT_EMIT_LOC_STRINGS = YES;
				SWIFT_VERSION = 5.0;
				TARGETED_DEVICE_FAMILY = 1;
			};
			name = Release;
		};
/* End XCBuildConfiguration section */

/* Begin XCConfigurationList section */
		66A2371B281704A600CA3763 /* Build configuration list for PBXProject "spine" */ = {
			isa = XCConfigurationList;
			buildConfigurations = (
				66A2372C281704A700CA3763 /* Debug */,
				66A2372D281704A700CA3763 /* Release */,
			);
			defaultConfigurationIsVisible = 0;
			defaultConfigurationName = Release;
		};
		66A2372E281704A700CA3763 /* Build configuration list for PBXNativeTarget "spine" */ = {
			isa = XCConfigurationList;
			buildConfigurations = (
				66A2372F281704A700CA3763 /* Debug */,
				66A23730281704A700CA3763 /* Release */,
			);
			defaultConfigurationIsVisible = 0;
			defaultConfigurationName = Release;
		};
/* End XCConfigurationList section */
	};
	rootObject = 66A23718281704A600CA3763 /* Project object */;
}
